
Microsoft Visual Studio Solution File, Format Version 12.00
# Visual Studio Version 17
VisualStudioVersion = 17.0.31903.59
MinimumVisualStudioVersion = 10.0.40219.1
Project("{FAE04EC0-301F-11D3-BF4B-00C04F79EFBC}") = "DFAstateMachineLanguageTheory", "DFAstateMachineLanguageTheory\DFAstateMachineLanguageTheory.csproj", "{57EFB2BC-32C8-41CE-9C2E-4BC3257E6628}"
EndProject
Global
	GlobalSection(SolutionConfigurationPlatforms) = preSolution
		Debug|Any CPU = Debug|Any CPU
		Release|Any CPU = Release|Any CPU
	EndGlobalSection
	GlobalSection(ProjectConfigurationPlatforms) = postSolution
		{57EFB2BC-32C8-41CE-9C2E-4BC3257E6628}.Debug|Any CPU.ActiveCfg = Debug|Any CPU
		{57EFB2BC-32C8-41CE-9C2E-4BC3257E6628}.Debug|Any CPU.Build.0 = Debug|Any CPU
		{57EFB2BC-32C8-41CE-9C2E-4BC3257E6628}.Release|Any CPU.ActiveCfg = Release|Any CPU
		{57EFB2BC-32C8-41CE-9C2E-4BC3257E6628}.Release|Any CPU.Build.0 = Release|Any CPU
	EndGlobalSection
	GlobalSection(SolutionProperties) = preSolution
		HideSolutionNode = FALSE
	EndGlobalSection
	GlobalSection(ExtensibilityGlobals) = postSolution
		SolutionGuid = {F2C37C89-4447-4F20-80A9-CB669D3184F3}
	EndGlobalSection
EndGlobal
